
Microsoft Visual Studio Solution File, Format Version 12.00
# Visual Studio Version 17
VisualStudioVersion = 17.0.32112.339
MinimumVisualStudioVersion = 10.0.40219.1
Project("{2150E333-8FDC-42A3-9474-1A3956D46DE8}") = "src", "src", "{614FC98E-C66F-4BB3-B1C4-4CD672879C98}"
EndProject
Project("{9A19103F-16F7-4668-BE54-9A1E7A4F7556}") = "Domain", "src\Domain\Domain.csproj", "{CC488D71-1F6F-4177-BBFD-74AAF60B622E}"
EndProject
Project("{2150E333-8FDC-42A3-9474-1A3956D46DE8}") = "tests", "tests", "{99CEC9BB-20F3-45E8-B257-82A94AD3824A}"
EndProject
Project("{9A19103F-16F7-4668-BE54-9A1E7A4F7556}") = "Application", "src\Application\Application.csproj", "{E370F8E4-D276-45EB-BC70-0356624B28D3}"
EndProject
Project("{9A19103F-16F7-4668-BE54-9A1E7A4F7556}") = "Infrastructure", "src\Infrastructure\Infrastructure.csproj", "{9E2D8755-6021-4798-83FC-F046C235FD43}"
EndProject
Project("{9A19103F-16F7-4668-BE54-9A1E7A4F7556}") = "WebApi", "src\WebApi\WebApi.csproj", "{CEA77243-3D1F-4F8B-A7F5-F34962333B28}"
EndProject
Project("{E53339B2-1760-4266-BCC7-CA923CBCF16C}") = "docker-compose", "docker-compose.dcproj", "{7387E579-B47D-40A4-9B3B-0A659C944D47}"
EndProject
Global
	GlobalSection(SolutionConfigurationPlatforms) = preSolution
		Debug|Any CPU = Debug|Any CPU
		Release|Any CPU = Release|Any CPU
	EndGlobalSection
	GlobalSection(ProjectConfigurationPlatforms) = postSolution
		{CC488D71-1F6F-4177-BBFD-74AAF60B622E}.Debug|Any CPU.ActiveCfg = Debug|Any CPU
		{CC488D71-1F6F-4177-BBFD-74AAF60B622E}.Debug|Any CPU.Build.0 = Debug|Any CPU
		{CC488D71-1F6F-4177-BBFD-74AAF60B622E}.Release|Any CPU.ActiveCfg = Release|Any CPU
		{CC488D71-1F6F-4177-BBFD-74AAF60B622E}.Release|Any CPU.Build.0 = Release|Any CPU
		{E370F8E4-D276-45EB-BC70-0356624B28D3}.Debug|Any CPU.ActiveCfg = Debug|Any CPU
		{E370F8E4-D276-45EB-BC70-0356624B28D3}.Debug|Any CPU.Build.0 = Debug|Any CPU
		{E370F8E4-D276-45EB-BC70-0356624B28D3}.Release|Any CPU.ActiveCfg = Release|Any CPU
		{E370F8E4-D276-45EB-BC70-0356624B28D3}.Release|Any CPU.Build.0 = Release|Any CPU
		{9E2D8755-6021-4798-83FC-F046C235FD43}.Debug|Any CPU.ActiveCfg = Debug|Any CPU
		{9E2D8755-6021-4798-83FC-F046C235FD43}.Debug|Any CPU.Build.0 = Debug|Any CPU
		{9E2D8755-6021-4798-83FC-F046C235FD43}.Release|Any CPU.ActiveCfg = Release|Any CPU
		{9E2D8755-6021-4798-83FC-F046C235FD43}.Release|Any CPU.Build.0 = Release|Any CPU
		{CEA77243-3D1F-4F8B-A7F5-F34962333B28}.Debug|Any CPU.ActiveCfg = Debug|Any CPU
		{CEA77243-3D1F-4F8B-A7F5-F34962333B28}.Debug|Any CPU.Build.0 = Debug|Any CPU
		{CEA77243-3D1F-4F8B-A7F5-F34962333B28}.Release|Any CPU.ActiveCfg = Release|Any CPU
		{CEA77243-3D1F-4F8B-A7F5-F34962333B28}.Release|Any CPU.Build.0 = Release|Any CPU
		{7387E579-B47D-40A4-9B3B-0A659C944D47}.Debug|Any CPU.ActiveCfg = Debug|Any CPU
		{7387E579-B47D-40A4-9B3B-0A659C944D47}.Debug|Any CPU.Build.0 = Debug|Any CPU
		{7387E579-B47D-40A4-9B3B-0A659C944D47}.Release|Any CPU.ActiveCfg = Release|Any CPU
		{7387E579-B47D-40A4-9B3B-0A659C944D47}.Release|Any CPU.Build.0 = Release|Any CPU
	EndGlobalSection
	GlobalSection(SolutionProperties) = preSolution
		HideSolutionNode = FALSE
	EndGlobalSection
	GlobalSection(NestedProjects) = preSolution
		{CC488D71-1F6F-4177-BBFD-74AAF60B622E} = {614FC98E-C66F-4BB3-B1C4-4CD672879C98}
		{E370F8E4-D276-45EB-BC70-0356624B28D3} = {614FC98E-C66F-4BB3-B1C4-4CD672879C98}
		{9E2D8755-6021-4798-83FC-F046C235FD43} = {614FC98E-C66F-4BB3-B1C4-4CD672879C98}
		{CEA77243-3D1F-4F8B-A7F5-F34962333B28} = {614FC98E-C66F-4BB3-B1C4-4CD672879C98}
	EndGlobalSection
	GlobalSection(ExtensibilityGlobals) = postSolution
		SolutionGuid = {3D81D2BF-CF9C-4280-8D45-F12E36F7FA56}
	EndGlobalSection
EndGlobal
