
Microsoft Visual Studio Solution File, Format Version 12.00
# Visual Studio Version 17
VisualStudioVersion = 17.1.32328.378
MinimumVisualStudioVersion = 10.0.40219.1
Project("{FAE04EC0-301F-11D3-BF4B-00C04F79EFBC}") = "WebApplication1", "WebApplication1\WebApplication1.csproj", "{D33723B9-506F-40B7-A6F6-CDF8F5A11585}"
EndProject
Global
	GlobalSection(SolutionConfigurationPlatforms) = preSolution
		Debug|Any CPU = Debug|Any CPU
		Release|Any CPU = Release|Any CPU
	EndGlobalSection
	GlobalSection(ProjectConfigurationPlatforms) = postSolution
		{D33723B9-506F-40B7-A6F6-CDF8F5A11585}.Debug|Any CPU.ActiveCfg = Debug|Any CPU
		{D33723B9-506F-40B7-A6F6-CDF8F5A11585}.Debug|Any CPU.Build.0 = Debug|Any CPU
		{D33723B9-506F-40B7-A6F6-CDF8F5A11585}.Release|Any CPU.ActiveCfg = Release|Any CPU
		{D33723B9-506F-40B7-A6F6-CDF8F5A11585}.Release|Any CPU.Build.0 = Release|Any CPU
	EndGlobalSection
	GlobalSection(SolutionProperties) = preSolution
		HideSolutionNode = FALSE
	EndGlobalSection
	GlobalSection(ExtensibilityGlobals) = postSolution
		SolutionGuid = {648DB647-7927-48CC-BD76-85000CC364E7}
	EndGlobalSection
EndGlobal
