
Microsoft Visual Studio Solution File, Format Version 12.00
# Visual Studio Version 17
VisualStudioVersion = 17.0.32112.339
MinimumVisualStudioVersion = 10.0.40219.1
Project("{FAE04EC0-301F-11D3-BF4B-00C04F79EFBC}") = "Ecommerce.WebUI", "Ecommerce.WebUI\Ecommerce.WebUI.csproj", "{905C2EFA-45A6-4F33-BD97-4F2567E8B5A5}"
EndProject
Global
	GlobalSection(SolutionConfigurationPlatforms) = preSolution
		Debug|Any CPU = Debug|Any CPU
		Release|Any CPU = Release|Any CPU
	EndGlobalSection
	GlobalSection(ProjectConfigurationPlatforms) = postSolution
		{905C2EFA-45A6-4F33-BD97-4F2567E8B5A5}.Debug|Any CPU.ActiveCfg = Debug|Any CPU
		{905C2EFA-45A6-4F33-BD97-4F2567E8B5A5}.Debug|Any CPU.Build.0 = Debug|Any CPU
		{905C2EFA-45A6-4F33-BD97-4F2567E8B5A5}.Release|Any CPU.ActiveCfg = Release|Any CPU
		{905C2EFA-45A6-4F33-BD97-4F2567E8B5A5}.Release|Any CPU.Build.0 = Release|Any CPU
	EndGlobalSection
	GlobalSection(SolutionProperties) = preSolution
		HideSolutionNode = FALSE
	EndGlobalSection
	GlobalSection(ExtensibilityGlobals) = postSolution
		SolutionGuid = {0DFD19FF-AFFE-43A6-8A52-EC600621DC23}
	EndGlobalSection
EndGlobal
